
Microsoft Visual Studio Solution File, Format Version 12.00
# Visual Studio Version 16
VisualStudioVersion = 16.0.34729.46
MinimumVisualStudioVersion = 10.0.40219.1
Project("{8BC9CEB8-8B4A-11D0-8D11-00A0C91BC942}") = "BubbleSort", "BubbleSort\BubbleSort.vcxproj", "{D3E22E22-D76C-4585-8A09-B6FE97988CFE}"
EndProject
Project("{8BC9CEB8-8B4A-11D0-8D11-00A0C91BC942}") = "Sort", "Sort\Sort.vcxproj", "{2920577D-CFD8-426D-B3D0-D390AEF65968}"
EndProject
Project("{2150E333-8FDC-42A3-9474-1A3956D46DE8}") = "Sort", "Sort", "{ED675209-1266-4AFB-997D-635D6307C276}"
EndProject
Project("{2150E333-8FDC-42A3-9474-1A3956D46DE8}") = "StringSearch", "StringSearch", "{5585D3B1-89F3-4934-BF8F-11904B4A274B}"
EndProject
Project("{2150E333-8FDC-42A3-9474-1A3956D46DE8}") = "Search", "Search", "{032F536B-B327-49B4-876F-2F3326F429B9}"
EndProject
Project("{8BC9CEB8-8B4A-11D0-8D11-00A0C91BC942}") = "BinarySearch", "BinarySearch\BinarySearch.vcxproj", "{077A7AD4-A5EF-41B2-A5F9-A83AE20DBA1E}"
EndProject
Project("{8BC9CEB8-8B4A-11D0-8D11-00A0C91BC942}") = "BinarySearch2", "BinarySearch2\BinarySearch2.vcxproj", "{315D572B-E509-40DD-8547-85EDC3E7F1C3}"
EndProject
Project("{8BC9CEB8-8B4A-11D0-8D11-00A0C91BC942}") = "BinarySearchTree", "BinarySearchTree\BinarySearchTree.vcxproj", "{22FEFC4C-5E06-4100-9666-641D61366341}"
EndProject
Project("{8BC9CEB8-8B4A-11D0-8D11-00A0C91BC942}") = "RedBlackTree", "RedBlackTree\RedBlackTree.vcxproj", "{19738ED5-7C00-4BCB-A16B-579AECF4BCF5}"
EndProject
Project("{8BC9CEB8-8B4A-11D0-8D11-00A0C91BC942}") = "BruteForce", "BruteForce\BruteForce.vcxproj", "{EED53C36-DC0C-4084-B8FC-B7E8439790BE}"
EndProject
Project("{8BC9CEB8-8B4A-11D0-8D11-00A0C91BC942}") = "KarpRabin", "KarpRabin\KarpRabin.vcxproj", "{4167D81A-9A3E-42D0-A55E-2DBCC9040F75}"
EndProject
Project("{8BC9CEB8-8B4A-11D0-8D11-00A0C91BC942}") = "KnuthMorrisPratt", "KnuthMorrisPratt\KnuthMorrisPratt.vcxproj", "{C07DEEDC-CFE4-4585-87D0-A765EA7C7682}"
EndProject
Project("{8BC9CEB8-8B4A-11D0-8D11-00A0C91BC942}") = "BoyerMoore", "BoyerMoore\BoyerMoore.vcxproj", "{2D40D804-88DF-40F7-8E0B-8B955F28C282}"
EndProject
Global
	GlobalSection(SolutionConfigurationPlatforms) = preSolution
		Debug|x64 = Debug|x64
		Debug|x86 = Debug|x86
		Release|x64 = Release|x64
		Release|x86 = Release|x86
	EndGlobalSection
	GlobalSection(ProjectConfigurationPlatforms) = postSolution
		{D3E22E22-D76C-4585-8A09-B6FE97988CFE}.Debug|x64.ActiveCfg = Debug|x64
		{D3E22E22-D76C-4585-8A09-B6FE97988CFE}.Debug|x64.Build.0 = Debug|x64
		{D3E22E22-D76C-4585-8A09-B6FE97988CFE}.Debug|x86.ActiveCfg = Debug|Win32
		{D3E22E22-D76C-4585-8A09-B6FE97988CFE}.Debug|x86.Build.0 = Debug|Win32
		{D3E22E22-D76C-4585-8A09-B6FE97988CFE}.Release|x64.ActiveCfg = Release|x64
		{D3E22E22-D76C-4585-8A09-B6FE97988CFE}.Release|x64.Build.0 = Release|x64
		{D3E22E22-D76C-4585-8A09-B6FE97988CFE}.Release|x86.ActiveCfg = Release|Win32
		{D3E22E22-D76C-4585-8A09-B6FE97988CFE}.Release|x86.Build.0 = Release|Win32
		{2920577D-CFD8-426D-B3D0-D390AEF65968}.Debug|x64.ActiveCfg = Debug|x64
		{2920577D-CFD8-426D-B3D0-D390AEF65968}.Debug|x64.Build.0 = Debug|x64
		{2920577D-CFD8-426D-B3D0-D390AEF65968}.Debug|x86.ActiveCfg = Debug|Win32
		{2920577D-CFD8-426D-B3D0-D390AEF65968}.Debug|x86.Build.0 = Debug|Win32
		{2920577D-CFD8-426D-B3D0-D390AEF65968}.Release|x64.ActiveCfg = Release|x64
		{2920577D-CFD8-426D-B3D0-D390AEF65968}.Release|x64.Build.0 = Release|x64
		{2920577D-CFD8-426D-B3D0-D390AEF65968}.Release|x86.ActiveCfg = Release|Win32
		{2920577D-CFD8-426D-B3D0-D390AEF65968}.Release|x86.Build.0 = Release|Win32
		{077A7AD4-A5EF-41B2-A5F9-A83AE20DBA1E}.Debug|x64.ActiveCfg = Debug|x64
		{077A7AD4-A5EF-41B2-A5F9-A83AE20DBA1E}.Debug|x64.Build.0 = Debug|x64
		{077A7AD4-A5EF-41B2-A5F9-A83AE20DBA1E}.Debug|x86.ActiveCfg = Debug|Win32
		{077A7AD4-A5EF-41B2-A5F9-A83AE20DBA1E}.Debug|x86.Build.0 = Debug|Win32
		{077A7AD4-A5EF-41B2-A5F9-A83AE20DBA1E}.Release|x64.ActiveCfg = Release|x64
		{077A7AD4-A5EF-41B2-A5F9-A83AE20DBA1E}.Release|x64.Build.0 = Release|x64
		{077A7AD4-A5EF-41B2-A5F9-A83AE20DBA1E}.Release|x86.ActiveCfg = Release|Win32
		{077A7AD4-A5EF-41B2-A5F9-A83AE20DBA1E}.Release|x86.Build.0 = Release|Win32
		{315D572B-E509-40DD-8547-85EDC3E7F1C3}.Debug|x64.ActiveCfg = Debug|x64
		{315D572B-E509-40DD-8547-85EDC3E7F1C3}.Debug|x64.Build.0 = Debug|x64
		{315D572B-E509-40DD-8547-85EDC3E7F1C3}.Debug|x86.ActiveCfg = Debug|Win32
		{315D572B-E509-40DD-8547-85EDC3E7F1C3}.Debug|x86.Build.0 = Debug|Win32
		{315D572B-E509-40DD-8547-85EDC3E7F1C3}.Release|x64.ActiveCfg = Release|x64
		{315D572B-E509-40DD-8547-85EDC3E7F1C3}.Release|x64.Build.0 = Release|x64
		{315D572B-E509-40DD-8547-85EDC3E7F1C3}.Release|x86.ActiveCfg = Release|Win32
		{315D572B-E509-40DD-8547-85EDC3E7F1C3}.Release|x86.Build.0 = Release|Win32
		{22FEFC4C-5E06-4100-9666-641D61366341}.Debug|x64.ActiveCfg = Debug|x64
		{22FEFC4C-5E06-4100-9666-641D61366341}.Debug|x64.Build.0 = Debug|x64
		{22FEFC4C-5E06-4100-9666-641D61366341}.Debug|x86.ActiveCfg = Debug|Win32
		{22FEFC4C-5E06-4100-9666-641D61366341}.Debug|x86.Build.0 = Debug|Win32
		{22FEFC4C-5E06-4100-9666-641D61366341}.Release|x64.ActiveCfg = Release|x64
		{22FEFC4C-5E06-4100-9666-641D61366341}.Release|x64.Build.0 = Release|x64
		{22FEFC4C-5E06-4100-9666-641D61366341}.Release|x86.ActiveCfg = Release|Win32
		{22FEFC4C-5E06-4100-9666-641D61366341}.Release|x86.Build.0 = Release|Win32
		{19738ED5-7C00-4BCB-A16B-579AECF4BCF5}.Debug|x64.ActiveCfg = Debug|x64
		{19738ED5-7C00-4BCB-A16B-579AECF4BCF5}.Debug|x64.Build.0 = Debug|x64
		{19738ED5-7C00-4BCB-A16B-579AECF4BCF5}.Debug|x86.ActiveCfg = Debug|Win32
		{19738ED5-7C00-4BCB-A16B-579AECF4BCF5}.Debug|x86.Build.0 = Debug|Win32
		{19738ED5-7C00-4BCB-A16B-579AECF4BCF5}.Release|x64.ActiveCfg = Release|x64
		{19738ED5-7C00-4BCB-A16B-579AECF4BCF5}.Release|x64.Build.0 = Release|x64
		{19738ED5-7C00-4BCB-A16B-579AECF4BCF5}.Release|x86.ActiveCfg = Release|Win32
		{19738ED5-7C00-4BCB-A16B-579AECF4BCF5}.Release|x86.Build.0 = Release|Win32
		{EED53C36-DC0C-4084-B8FC-B7E8439790BE}.Debug|x64.ActiveCfg = Debug|x64
		{EED53C36-DC0C-4084-B8FC-B7E8439790BE}.Debug|x64.Build.0 = Debug|x64
		{EED53C36-DC0C-4084-B8FC-B7E8439790BE}.Debug|x86.ActiveCfg = Debug|Win32
		{EED53C36-DC0C-4084-B8FC-B7E8439790BE}.Debug|x86.Build.0 = Debug|Win32
		{EED53C36-DC0C-4084-B8FC-B7E8439790BE}.Release|x64.ActiveCfg = Release|x64
		{EED53C36-DC0C-4084-B8FC-B7E8439790BE}.Release|x64.Build.0 = Release|x64
		{EED53C36-DC0C-4084-B8FC-B7E8439790BE}.Release|x86.ActiveCfg = Release|Win32
		{EED53C36-DC0C-4084-B8FC-B7E8439790BE}.Release|x86.Build.0 = Release|Win32
		{4167D81A-9A3E-42D0-A55E-2DBCC9040F75}.Debug|x64.ActiveCfg = Debug|x64
		{4167D81A-9A3E-42D0-A55E-2DBCC9040F75}.Debug|x64.Build.0 = Debug|x64
		{4167D81A-9A3E-42D0-A55E-2DBCC9040F75}.Debug|x86.ActiveCfg = Debug|Win32
		{4167D81A-9A3E-42D0-A55E-2DBCC9040F75}.Debug|x86.Build.0 = Debug|Win32
		{4167D81A-9A3E-42D0-A55E-2DBCC9040F75}.Release|x64.ActiveCfg = Release|x64
		{4167D81A-9A3E-42D0-A55E-2DBCC9040F75}.Release|x64.Build.0 = Release|x64
		{4167D81A-9A3E-42D0-A55E-2DBCC9040F75}.Release|x86.ActiveCfg = Release|Win32
		{4167D81A-9A3E-42D0-A55E-2DBCC9040F75}.Release|x86.Build.0 = Release|Win32
		{C07DEEDC-CFE4-4585-87D0-A765EA7C7682}.Debug|x64.ActiveCfg = Debug|x64
		{C07DEEDC-CFE4-4585-87D0-A765EA7C7682}.Debug|x64.Build.0 = Debug|x64
		{C07DEEDC-CFE4-4585-87D0-A765EA7C7682}.Debug|x86.ActiveCfg = Debug|Win32
		{C07DEEDC-CFE4-4585-87D0-A765EA7C7682}.Debug|x86.Build.0 = Debug|Win32
		{C07DEEDC-CFE4-4585-87D0-A765EA7C7682}.Release|x64.ActiveCfg = Release|x64
		{C07DEEDC-CFE4-4585-87D0-A765EA7C7682}.Release|x64.Build.0 = Release|x64
		{C07DEEDC-CFE4-4585-87D0-A765EA7C7682}.Release|x86.ActiveCfg = Release|Win32
		{C07DEEDC-CFE4-4585-87D0-A765EA7C7682}.Release|x86.Build.0 = Release|Win32
		{2D40D804-88DF-40F7-8E0B-8B955F28C282}.Debug|x64.ActiveCfg = Debug|x64
		{2D40D804-88DF-40F7-8E0B-8B955F28C282}.Debug|x64.Build.0 = Debug|x64
		{2D40D804-88DF-40F7-8E0B-8B955F28C282}.Debug|x86.ActiveCfg = Debug|Win32
		{2D40D804-88DF-40F7-8E0B-8B955F28C282}.Debug|x86.Build.0 = Debug|Win32
		{2D40D804-88DF-40F7-8E0B-8B955F28C282}.Release|x64.ActiveCfg = Release|x64
		{2D40D804-88DF-40F7-8E0B-8B955F28C282}.Release|x64.Build.0 = Release|x64
		{2D40D804-88DF-40F7-8E0B-8B955F28C282}.Release|x86.ActiveCfg = Release|Win32
		{2D40D804-88DF-40F7-8E0B-8B955F28C282}.Release|x86.Build.0 = Release|Win32
	EndGlobalSection
	GlobalSection(SolutionProperties) = preSolution
		HideSolutionNode = FALSE
	EndGlobalSection
	GlobalSection(NestedProjects) = preSolution
		{D3E22E22-D76C-4585-8A09-B6FE97988CFE} = {ED675209-1266-4AFB-997D-635D6307C276}
		{2920577D-CFD8-426D-B3D0-D390AEF65968} = {ED675209-1266-4AFB-997D-635D6307C276}
		{077A7AD4-A5EF-41B2-A5F9-A83AE20DBA1E} = {032F536B-B327-49B4-876F-2F3326F429B9}
		{315D572B-E509-40DD-8547-85EDC3E7F1C3} = {032F536B-B327-49B4-876F-2F3326F429B9}
		{22FEFC4C-5E06-4100-9666-641D61366341} = {032F536B-B327-49B4-876F-2F3326F429B9}
		{19738ED5-7C00-4BCB-A16B-579AECF4BCF5} = {032F536B-B327-49B4-876F-2F3326F429B9}
		{EED53C36-DC0C-4084-B8FC-B7E8439790BE} = {5585D3B1-89F3-4934-BF8F-11904B4A274B}
		{4167D81A-9A3E-42D0-A55E-2DBCC9040F75} = {5585D3B1-89F3-4934-BF8F-11904B4A274B}
		{C07DEEDC-CFE4-4585-87D0-A765EA7C7682} = {5585D3B1-89F3-4934-BF8F-11904B4A274B}
		{2D40D804-88DF-40F7-8E0B-8B955F28C282} = {5585D3B1-89F3-4934-BF8F-11904B4A274B}
	EndGlobalSection
	GlobalSection(ExtensibilityGlobals) = postSolution
		SolutionGuid = {CD477FED-C44E-49B5-9696-BB7C6F0DD702}
	EndGlobalSection
EndGlobal
