
Microsoft Visual Studio Solution File, Format Version 12.00
# Visual Studio Version 16
VisualStudioVersion = 16.0.34729.46
MinimumVisualStudioVersion = 10.0.40219.1
Project("{8BC9CEB8-8B4A-11D0-8D11-00A0C91BC942}") = "LinkedList", "LinkedList\LinkedList.vcxproj", "{51D5575B-91BE-4C25-B090-C64D8EBB094F}"
EndProject
Project("{8BC9CEB8-8B4A-11D0-8D11-00A0C91BC942}") = "CircularQueue", "CircularQueue\CircularQueue.vcxproj", "{0F3D0999-7EDE-49BD-9AFD-B8BE8B98EA5A}"
EndProject
Project("{8BC9CEB8-8B4A-11D0-8D11-00A0C91BC942}") = "SingleLinkedList", "SingleLinkedList\SingleLinkedList.vcxproj", "{CAA80EAB-7ED8-488C-9BFC-9D0C01526C14}"
EndProject
Project("{8BC9CEB8-8B4A-11D0-8D11-00A0C91BC942}") = "BTreeNode", "BTreeNode\BTreeNode.vcxproj", "{FBF16C6B-233A-4F9F-AAA4-2C7F03923F12}"
EndProject
Project("{8BC9CEB8-8B4A-11D0-8D11-00A0C91BC942}") = "DoublyLinkedList", "DoublyLinkedList\DoublyLinkedList.vcxproj", "{E28E7D4E-D9B4-4A02-9AED-DAE75F1FE578}"
EndProject
Project("{2150E333-8FDC-42A3-9474-1A3956D46DE8}") = "LinkedList", "LinkedList", "{237E9DD7-531C-4275-8627-1E43DE90ECEC}"
EndProject
Project("{8BC9CEB8-8B4A-11D0-8D11-00A0C91BC942}") = "ArrayStack", "ArrayStack\ArrayStack.vcxproj", "{F8F3396D-0979-42C3-AD40-72A8DD5FE172}"
EndProject
Project("{2150E333-8FDC-42A3-9474-1A3956D46DE8}") = "Stack", "Stack", "{239F2429-F9CF-45AE-B583-3EDA3B48A7E3}"
EndProject
Project("{8BC9CEB8-8B4A-11D0-8D11-00A0C91BC942}") = "Stack", "Stack\Stack.vcxproj", "{1D535A72-912E-4BE2-A8F5-1E2F86BA781F}"
EndProject
Project("{8BC9CEB8-8B4A-11D0-8D11-00A0C91BC942}") = "LinkedListStack", "LinkedListStack\LinkedListStack.vcxproj", "{9475DCD3-722B-44BC-87F6-07AB7EC647E8}"
EndProject
Project("{2150E333-8FDC-42A3-9474-1A3956D46DE8}") = "Queue", "Queue", "{318020A6-2164-454D-BC14-0F3FED339DC1}"
EndProject
Project("{8BC9CEB8-8B4A-11D0-8D11-00A0C91BC942}") = "Queue", "Queue\Queue.vcxproj", "{A9DFAFA1-C406-46DC-B6B0-85EE8085C1F6}"
EndProject
Project("{8BC9CEB8-8B4A-11D0-8D11-00A0C91BC942}") = "LinkedQueue", "LinkedQueue\LinkedQueue.vcxproj", "{E57F1303-2D64-4F79-8E3B-1F191ECD1B81}"
EndProject
Project("{2150E333-8FDC-42A3-9474-1A3956D46DE8}") = "Tree", "Tree", "{DE8AEC99-CC05-47B7-BDC4-7DEA6D675A88}"
EndProject
Project("{8BC9CEB8-8B4A-11D0-8D11-00A0C91BC942}") = "LCRSTree", "LCRSTree\LCRSTree.vcxproj", "{1254C877-4D05-41B7-A85B-CEB565169426}"
EndProject
Project("{2150E333-8FDC-42A3-9474-1A3956D46DE8}") = "HashTable", "HashTable", "{FE4E2B6B-E963-481D-A499-AABED1034CAE}"
EndProject
Project("{8BC9CEB8-8B4A-11D0-8D11-00A0C91BC942}") = "HashTable", "HashTable\HashTable.vcxproj", "{E1259049-96F3-409B-B30F-84F028FCCF34}"
EndProject
Project("{8BC9CEB8-8B4A-11D0-8D11-00A0C91BC942}") = "Chaining", "Chaining\Chaining.vcxproj", "{F656CF1E-30B4-4130-801A-AC03AF446F4B}"
EndProject
Project("{2150E333-8FDC-42A3-9474-1A3956D46DE8}") = "Graph", "Graph", "{7A984692-B230-4BFB-96D9-F84C56EAA15F}"
EndProject
Project("{8BC9CEB8-8B4A-11D0-8D11-00A0C91BC942}") = "Graph", "Graph\Graph.vcxproj", "{BD1DDC87-7AE7-4DDD-B53A-CADAF5E7BBAB}"
EndProject
Global
	GlobalSection(SolutionConfigurationPlatforms) = preSolution
		Debug|x64 = Debug|x64
		Debug|x86 = Debug|x86
		Release|x64 = Release|x64
		Release|x86 = Release|x86
	EndGlobalSection
	GlobalSection(ProjectConfigurationPlatforms) = postSolution
		{51D5575B-91BE-4C25-B090-C64D8EBB094F}.Debug|x64.ActiveCfg = Debug|x64
		{51D5575B-91BE-4C25-B090-C64D8EBB094F}.Debug|x64.Build.0 = Debug|x64
		{51D5575B-91BE-4C25-B090-C64D8EBB094F}.Debug|x86.ActiveCfg = Debug|Win32
		{51D5575B-91BE-4C25-B090-C64D8EBB094F}.Debug|x86.Build.0 = Debug|Win32
		{51D5575B-91BE-4C25-B090-C64D8EBB094F}.Release|x64.ActiveCfg = Release|x64
		{51D5575B-91BE-4C25-B090-C64D8EBB094F}.Release|x64.Build.0 = Release|x64
		{51D5575B-91BE-4C25-B090-C64D8EBB094F}.Release|x86.ActiveCfg = Release|Win32
		{51D5575B-91BE-4C25-B090-C64D8EBB094F}.Release|x86.Build.0 = Release|Win32
		{0F3D0999-7EDE-49BD-9AFD-B8BE8B98EA5A}.Debug|x64.ActiveCfg = Debug|x64
		{0F3D0999-7EDE-49BD-9AFD-B8BE8B98EA5A}.Debug|x64.Build.0 = Debug|x64
		{0F3D0999-7EDE-49BD-9AFD-B8BE8B98EA5A}.Debug|x86.ActiveCfg = Debug|Win32
		{0F3D0999-7EDE-49BD-9AFD-B8BE8B98EA5A}.Debug|x86.Build.0 = Debug|Win32
		{0F3D0999-7EDE-49BD-9AFD-B8BE8B98EA5A}.Release|x64.ActiveCfg = Release|x64
		{0F3D0999-7EDE-49BD-9AFD-B8BE8B98EA5A}.Release|x64.Build.0 = Release|x64
		{0F3D0999-7EDE-49BD-9AFD-B8BE8B98EA5A}.Release|x86.ActiveCfg = Release|Win32
		{0F3D0999-7EDE-49BD-9AFD-B8BE8B98EA5A}.Release|x86.Build.0 = Release|Win32
		{CAA80EAB-7ED8-488C-9BFC-9D0C01526C14}.Debug|x64.ActiveCfg = Debug|x64
		{CAA80EAB-7ED8-488C-9BFC-9D0C01526C14}.Debug|x64.Build.0 = Debug|x64
		{CAA80EAB-7ED8-488C-9BFC-9D0C01526C14}.Debug|x86.ActiveCfg = Debug|Win32
		{CAA80EAB-7ED8-488C-9BFC-9D0C01526C14}.Debug|x86.Build.0 = Debug|Win32
		{CAA80EAB-7ED8-488C-9BFC-9D0C01526C14}.Release|x64.ActiveCfg = Release|x64
		{CAA80EAB-7ED8-488C-9BFC-9D0C01526C14}.Release|x64.Build.0 = Release|x64
		{CAA80EAB-7ED8-488C-9BFC-9D0C01526C14}.Release|x86.ActiveCfg = Release|Win32
		{CAA80EAB-7ED8-488C-9BFC-9D0C01526C14}.Release|x86.Build.0 = Release|Win32
		{FBF16C6B-233A-4F9F-AAA4-2C7F03923F12}.Debug|x64.ActiveCfg = Debug|x64
		{FBF16C6B-233A-4F9F-AAA4-2C7F03923F12}.Debug|x64.Build.0 = Debug|x64
		{FBF16C6B-233A-4F9F-AAA4-2C7F03923F12}.Debug|x86.ActiveCfg = Debug|Win32
		{FBF16C6B-233A-4F9F-AAA4-2C7F03923F12}.Debug|x86.Build.0 = Debug|Win32
		{FBF16C6B-233A-4F9F-AAA4-2C7F03923F12}.Release|x64.ActiveCfg = Release|x64
		{FBF16C6B-233A-4F9F-AAA4-2C7F03923F12}.Release|x64.Build.0 = Release|x64
		{FBF16C6B-233A-4F9F-AAA4-2C7F03923F12}.Release|x86.ActiveCfg = Release|Win32
		{FBF16C6B-233A-4F9F-AAA4-2C7F03923F12}.Release|x86.Build.0 = Release|Win32
		{E28E7D4E-D9B4-4A02-9AED-DAE75F1FE578}.Debug|x64.ActiveCfg = Debug|x64
		{E28E7D4E-D9B4-4A02-9AED-DAE75F1FE578}.Debug|x64.Build.0 = Debug|x64
		{E28E7D4E-D9B4-4A02-9AED-DAE75F1FE578}.Debug|x86.ActiveCfg = Debug|Win32
		{E28E7D4E-D9B4-4A02-9AED-DAE75F1FE578}.Debug|x86.Build.0 = Debug|Win32
		{E28E7D4E-D9B4-4A02-9AED-DAE75F1FE578}.Release|x64.ActiveCfg = Release|x64
		{E28E7D4E-D9B4-4A02-9AED-DAE75F1FE578}.Release|x64.Build.0 = Release|x64
		{E28E7D4E-D9B4-4A02-9AED-DAE75F1FE578}.Release|x86.ActiveCfg = Release|Win32
		{E28E7D4E-D9B4-4A02-9AED-DAE75F1FE578}.Release|x86.Build.0 = Release|Win32
		{F8F3396D-0979-42C3-AD40-72A8DD5FE172}.Debug|x64.ActiveCfg = Debug|x64
		{F8F3396D-0979-42C3-AD40-72A8DD5FE172}.Debug|x64.Build.0 = Debug|x64
		{F8F3396D-0979-42C3-AD40-72A8DD5FE172}.Debug|x86.ActiveCfg = Debug|Win32
		{F8F3396D-0979-42C3-AD40-72A8DD5FE172}.Debug|x86.Build.0 = Debug|Win32
		{F8F3396D-0979-42C3-AD40-72A8DD5FE172}.Release|x64.ActiveCfg = Release|x64
		{F8F3396D-0979-42C3-AD40-72A8DD5FE172}.Release|x64.Build.0 = Release|x64
		{F8F3396D-0979-42C3-AD40-72A8DD5FE172}.Release|x86.ActiveCfg = Release|Win32
		{F8F3396D-0979-42C3-AD40-72A8DD5FE172}.Release|x86.Build.0 = Release|Win32
		{1D535A72-912E-4BE2-A8F5-1E2F86BA781F}.Debug|x64.ActiveCfg = Debug|x64
		{1D535A72-912E-4BE2-A8F5-1E2F86BA781F}.Debug|x64.Build.0 = Debug|x64
		{1D535A72-912E-4BE2-A8F5-1E2F86BA781F}.Debug|x86.ActiveCfg = Debug|Win32
		{1D535A72-912E-4BE2-A8F5-1E2F86BA781F}.Debug|x86.Build.0 = Debug|Win32
		{1D535A72-912E-4BE2-A8F5-1E2F86BA781F}.Release|x64.ActiveCfg = Release|x64
		{1D535A72-912E-4BE2-A8F5-1E2F86BA781F}.Release|x64.Build.0 = Release|x64
		{1D535A72-912E-4BE2-A8F5-1E2F86BA781F}.Release|x86.ActiveCfg = Release|Win32
		{1D535A72-912E-4BE2-A8F5-1E2F86BA781F}.Release|x86.Build.0 = Release|Win32
		{9475DCD3-722B-44BC-87F6-07AB7EC647E8}.Debug|x64.ActiveCfg = Debug|x64
		{9475DCD3-722B-44BC-87F6-07AB7EC647E8}.Debug|x64.Build.0 = Debug|x64
		{9475DCD3-722B-44BC-87F6-07AB7EC647E8}.Debug|x86.ActiveCfg = Debug|Win32
		{9475DCD3-722B-44BC-87F6-07AB7EC647E8}.Debug|x86.Build.0 = Debug|Win32
		{9475DCD3-722B-44BC-87F6-07AB7EC647E8}.Release|x64.ActiveCfg = Release|x64
		{9475DCD3-722B-44BC-87F6-07AB7EC647E8}.Release|x64.Build.0 = Release|x64
		{9475DCD3-722B-44BC-87F6-07AB7EC647E8}.Release|x86.ActiveCfg = Release|Win32
		{9475DCD3-722B-44BC-87F6-07AB7EC647E8}.Release|x86.Build.0 = Release|Win32
		{A9DFAFA1-C406-46DC-B6B0-85EE8085C1F6}.Debug|x64.ActiveCfg = Debug|x64
		{A9DFAFA1-C406-46DC-B6B0-85EE8085C1F6}.Debug|x64.Build.0 = Debug|x64
		{A9DFAFA1-C406-46DC-B6B0-85EE8085C1F6}.Debug|x86.ActiveCfg = Debug|Win32
		{A9DFAFA1-C406-46DC-B6B0-85EE8085C1F6}.Debug|x86.Build.0 = Debug|Win32
		{A9DFAFA1-C406-46DC-B6B0-85EE8085C1F6}.Release|x64.ActiveCfg = Release|x64
		{A9DFAFA1-C406-46DC-B6B0-85EE8085C1F6}.Release|x64.Build.0 = Release|x64
		{A9DFAFA1-C406-46DC-B6B0-85EE8085C1F6}.Release|x86.ActiveCfg = Release|Win32
		{A9DFAFA1-C406-46DC-B6B0-85EE8085C1F6}.Release|x86.Build.0 = Release|Win32
		{E57F1303-2D64-4F79-8E3B-1F191ECD1B81}.Debug|x64.ActiveCfg = Debug|x64
		{E57F1303-2D64-4F79-8E3B-1F191ECD1B81}.Debug|x64.Build.0 = Debug|x64
		{E57F1303-2D64-4F79-8E3B-1F191ECD1B81}.Debug|x86.ActiveCfg = Debug|Win32
		{E57F1303-2D64-4F79-8E3B-1F191ECD1B81}.Debug|x86.Build.0 = Debug|Win32
		{E57F1303-2D64-4F79-8E3B-1F191ECD1B81}.Release|x64.ActiveCfg = Release|x64
		{E57F1303-2D64-4F79-8E3B-1F191ECD1B81}.Release|x64.Build.0 = Release|x64
		{E57F1303-2D64-4F79-8E3B-1F191ECD1B81}.Release|x86.ActiveCfg = Release|Win32
		{E57F1303-2D64-4F79-8E3B-1F191ECD1B81}.Release|x86.Build.0 = Release|Win32
		{1254C877-4D05-41B7-A85B-CEB565169426}.Debug|x64.ActiveCfg = Debug|x64
		{1254C877-4D05-41B7-A85B-CEB565169426}.Debug|x64.Build.0 = Debug|x64
		{1254C877-4D05-41B7-A85B-CEB565169426}.Debug|x86.ActiveCfg = Debug|Win32
		{1254C877-4D05-41B7-A85B-CEB565169426}.Debug|x86.Build.0 = Debug|Win32
		{1254C877-4D05-41B7-A85B-CEB565169426}.Release|x64.ActiveCfg = Release|x64
		{1254C877-4D05-41B7-A85B-CEB565169426}.Release|x64.Build.0 = Release|x64
		{1254C877-4D05-41B7-A85B-CEB565169426}.Release|x86.ActiveCfg = Release|Win32
		{1254C877-4D05-41B7-A85B-CEB565169426}.Release|x86.Build.0 = Release|Win32
		{E1259049-96F3-409B-B30F-84F028FCCF34}.Debug|x64.ActiveCfg = Debug|x64
		{E1259049-96F3-409B-B30F-84F028FCCF34}.Debug|x64.Build.0 = Debug|x64
		{E1259049-96F3-409B-B30F-84F028FCCF34}.Debug|x86.ActiveCfg = Debug|Win32
		{E1259049-96F3-409B-B30F-84F028FCCF34}.Debug|x86.Build.0 = Debug|Win32
		{E1259049-96F3-409B-B30F-84F028FCCF34}.Release|x64.ActiveCfg = Release|x64
		{E1259049-96F3-409B-B30F-84F028FCCF34}.Release|x64.Build.0 = Release|x64
		{E1259049-96F3-409B-B30F-84F028FCCF34}.Release|x86.ActiveCfg = Release|Win32
		{E1259049-96F3-409B-B30F-84F028FCCF34}.Release|x86.Build.0 = Release|Win32
		{F656CF1E-30B4-4130-801A-AC03AF446F4B}.Debug|x64.ActiveCfg = Debug|x64
		{F656CF1E-30B4-4130-801A-AC03AF446F4B}.Debug|x64.Build.0 = Debug|x64
		{F656CF1E-30B4-4130-801A-AC03AF446F4B}.Debug|x86.ActiveCfg = Debug|Win32
		{F656CF1E-30B4-4130-801A-AC03AF446F4B}.Debug|x86.Build.0 = Debug|Win32
		{F656CF1E-30B4-4130-801A-AC03AF446F4B}.Release|x64.ActiveCfg = Release|x64
		{F656CF1E-30B4-4130-801A-AC03AF446F4B}.Release|x64.Build.0 = Release|x64
		{F656CF1E-30B4-4130-801A-AC03AF446F4B}.Release|x86.ActiveCfg = Release|Win32
		{F656CF1E-30B4-4130-801A-AC03AF446F4B}.Release|x86.Build.0 = Release|Win32
		{BD1DDC87-7AE7-4DDD-B53A-CADAF5E7BBAB}.Debug|x64.ActiveCfg = Debug|x64
		{BD1DDC87-7AE7-4DDD-B53A-CADAF5E7BBAB}.Debug|x64.Build.0 = Debug|x64
		{BD1DDC87-7AE7-4DDD-B53A-CADAF5E7BBAB}.Debug|x86.ActiveCfg = Debug|Win32
		{BD1DDC87-7AE7-4DDD-B53A-CADAF5E7BBAB}.Debug|x86.Build.0 = Debug|Win32
		{BD1DDC87-7AE7-4DDD-B53A-CADAF5E7BBAB}.Release|x64.ActiveCfg = Release|x64
		{BD1DDC87-7AE7-4DDD-B53A-CADAF5E7BBAB}.Release|x64.Build.0 = Release|x64
		{BD1DDC87-7AE7-4DDD-B53A-CADAF5E7BBAB}.Release|x86.ActiveCfg = Release|Win32
		{BD1DDC87-7AE7-4DDD-B53A-CADAF5E7BBAB}.Release|x86.Build.0 = Release|Win32
	EndGlobalSection
	GlobalSection(SolutionProperties) = preSolution
		HideSolutionNode = FALSE
	EndGlobalSection
	GlobalSection(NestedProjects) = preSolution
		{51D5575B-91BE-4C25-B090-C64D8EBB094F} = {237E9DD7-531C-4275-8627-1E43DE90ECEC}
		{0F3D0999-7EDE-49BD-9AFD-B8BE8B98EA5A} = {318020A6-2164-454D-BC14-0F3FED339DC1}
		{CAA80EAB-7ED8-488C-9BFC-9D0C01526C14} = {237E9DD7-531C-4275-8627-1E43DE90ECEC}
		{FBF16C6B-233A-4F9F-AAA4-2C7F03923F12} = {DE8AEC99-CC05-47B7-BDC4-7DEA6D675A88}
		{E28E7D4E-D9B4-4A02-9AED-DAE75F1FE578} = {237E9DD7-531C-4275-8627-1E43DE90ECEC}
		{F8F3396D-0979-42C3-AD40-72A8DD5FE172} = {239F2429-F9CF-45AE-B583-3EDA3B48A7E3}
		{1D535A72-912E-4BE2-A8F5-1E2F86BA781F} = {239F2429-F9CF-45AE-B583-3EDA3B48A7E3}
		{9475DCD3-722B-44BC-87F6-07AB7EC647E8} = {239F2429-F9CF-45AE-B583-3EDA3B48A7E3}
		{A9DFAFA1-C406-46DC-B6B0-85EE8085C1F6} = {318020A6-2164-454D-BC14-0F3FED339DC1}
		{E57F1303-2D64-4F79-8E3B-1F191ECD1B81} = {318020A6-2164-454D-BC14-0F3FED339DC1}
		{1254C877-4D05-41B7-A85B-CEB565169426} = {DE8AEC99-CC05-47B7-BDC4-7DEA6D675A88}
		{E1259049-96F3-409B-B30F-84F028FCCF34} = {FE4E2B6B-E963-481D-A499-AABED1034CAE}
		{F656CF1E-30B4-4130-801A-AC03AF446F4B} = {FE4E2B6B-E963-481D-A499-AABED1034CAE}
		{BD1DDC87-7AE7-4DDD-B53A-CADAF5E7BBAB} = {7A984692-B230-4BFB-96D9-F84C56EAA15F}
	EndGlobalSection
	GlobalSection(ExtensibilityGlobals) = postSolution
		SolutionGuid = {AF0C1B96-449A-4D6C-A2E6-3795D5516397}
	EndGlobalSection
EndGlobal
